
Microsoft Visual Studio Solution File, Format Version 12.00
# Visual Studio Version 16
VisualStudioVersion = 16.0.34729.46
MinimumVisualStudioVersion = 10.0.40219.1
Project("{FAE04EC0-301F-11D3-BF4B-00C04F79EFBC}") = "nov14 Temazaro", "nov14 Temazaro\nov14 Temazaro.csproj", "{C9F14BC4-E0F5-498D-9246-97ED9E2A1EA5}"
EndProject
Global
	GlobalSection(SolutionConfigurationPlatforms) = preSolution
		Debug|Any CPU = Debug|Any CPU
		Release|Any CPU = Release|Any CPU
	EndGlobalSection
	GlobalSection(ProjectConfigurationPlatforms) = postSolution
		{C9F14BC4-E0F5-498D-9246-97ED9E2A1EA5}.Debug|Any CPU.ActiveCfg = Debug|Any CPU
		{C9F14BC4-E0F5-498D-9246-97ED9E2A1EA5}.Debug|Any CPU.Build.0 = Debug|Any CPU
		{C9F14BC4-E0F5-498D-9246-97ED9E2A1EA5}.Release|Any CPU.ActiveCfg = Release|Any CPU
		{C9F14BC4-E0F5-498D-9246-97ED9E2A1EA5}.Release|Any CPU.Build.0 = Release|Any CPU
	EndGlobalSection
	GlobalSection(SolutionProperties) = preSolution
		HideSolutionNode = FALSE
	EndGlobalSection
	GlobalSection(ExtensibilityGlobals) = postSolution
		SolutionGuid = {E325F9D3-1366-4194-A7A4-BA9217A28F9D}
	EndGlobalSection
EndGlobal
